
Microsoft Visual Studio Solution File, Format Version 12.00
# Visual Studio 15
VisualStudioVersion = 15.0.28307.168
MinimumVisualStudioVersion = 10.0.40219.1
Project("{FAE04EC0-301F-11D3-BF4B-00C04F79EFBC}") = "CartesianCoordinateSystem.Domain", "CartesianCoordinateSystem.Domain\CartesianCoordinateSystem.Domain.csproj", "{FE78FF2C-8586-4124-8F1F-9EE4B3DD4262}"
EndProject
Project("{FAE04EC0-301F-11D3-BF4B-00C04F79EFBC}") = "CartesianCoordinateSystem.Tests", "CartesianCoordinateSystem.Tests\CartesianCoordinateSystem.Tests.csproj", "{6D6A17FE-3ED9-4044-974D-BBCFB95F126F}"
EndProject
Global
	GlobalSection(SolutionConfigurationPlatforms) = preSolution
		Debug|Any CPU = Debug|Any CPU
		Release|Any CPU = Release|Any CPU
	EndGlobalSection
	GlobalSection(ProjectConfigurationPlatforms) = postSolution
		{FE78FF2C-8586-4124-8F1F-9EE4B3DD4262}.Debug|Any CPU.ActiveCfg = Debug|Any CPU
		{FE78FF2C-8586-4124-8F1F-9EE4B3DD4262}.Debug|Any CPU.Build.0 = Debug|Any CPU
		{FE78FF2C-8586-4124-8F1F-9EE4B3DD4262}.Release|Any CPU.ActiveCfg = Release|Any CPU
		{FE78FF2C-8586-4124-8F1F-9EE4B3DD4262}.Release|Any CPU.Build.0 = Release|Any CPU
		{6D6A17FE-3ED9-4044-974D-BBCFB95F126F}.Debug|Any CPU.ActiveCfg = Debug|Any CPU
		{6D6A17FE-3ED9-4044-974D-BBCFB95F126F}.Debug|Any CPU.Build.0 = Debug|Any CPU
		{6D6A17FE-3ED9-4044-974D-BBCFB95F126F}.Release|Any CPU.ActiveCfg = Release|Any CPU
		{6D6A17FE-3ED9-4044-974D-BBCFB95F126F}.Release|Any CPU.Build.0 = Release|Any CPU
	EndGlobalSection
	GlobalSection(SolutionProperties) = preSolution
		HideSolutionNode = FALSE
	EndGlobalSection
	GlobalSection(ExtensibilityGlobals) = postSolution
		SolutionGuid = {769730E5-6CD0-4FEE-9104-7C8FFF350F97}
	EndGlobalSection
EndGlobal
